
Microsoft Visual Studio Solution File, Format Version 12.00
# Visual Studio Version 17
VisualStudioVersion = 17.8.34511.84
MinimumVisualStudioVersion = 10.0.40219.1
Project("{FAE04EC0-301F-11D3-BF4B-00C04F79EFBC}") = "REPO1", "REPO1\REPO1.csproj", "{47306A9B-759C-4C09-BF95-DD64E59B614F}"
EndProject
Global
	GlobalSection(SolutionConfigurationPlatforms) = preSolution
		Debug|Any CPU = Debug|Any CPU
		Release|Any CPU = Release|Any CPU
	EndGlobalSection
	GlobalSection(ProjectConfigurationPlatforms) = postSolution
		{47306A9B-759C-4C09-BF95-DD64E59B614F}.Debug|Any CPU.ActiveCfg = Debug|Any CPU
		{47306A9B-759C-4C09-BF95-DD64E59B614F}.Debug|Any CPU.Build.0 = Debug|Any CPU
		{47306A9B-759C-4C09-BF95-DD64E59B614F}.Release|Any CPU.ActiveCfg = Release|Any CPU
		{47306A9B-759C-4C09-BF95-DD64E59B614F}.Release|Any CPU.Build.0 = Release|Any CPU
	EndGlobalSection
	GlobalSection(SolutionProperties) = preSolution
		HideSolutionNode = FALSE
	EndGlobalSection
	GlobalSection(ExtensibilityGlobals) = postSolution
		SolutionGuid = {90AD7BA8-DEB3-4177-AFE6-5C87DE880C5A}
	EndGlobalSection
EndGlobal
